<?xml version="1.0" encoding="utf-8"?>
<Project ToolsVersion="4.0" xmlns="http://schemas.microsoft.com/developer/msbuild/2003">
  <ItemGroup>
    <Filter Include="Source Files">
      <UniqueIdentifier>{4FC737F1-C7A5-4376-A066-2A32D752A2FF}</UniqueIdentifier>
      <Extensions>cpp;c;cc;cxx;c++;cppm;ixx;def;odl;idl;hpj;bat;asm;asmx</Extensions>
    </Filter>
    <Filter Include="Header Files">
      <UniqueIdentifier>{93995380-89BD-4b04-88EB-625FBE52EBFB}</UniqueIdentifier>
      <Extensions>h;hh;hpp;hxx;h++;hm;inl;inc;ipp;xsd</Extensions>
    </Filter>
    <Filter Include="Resource Files">
      <UniqueIdentifier>{67DA6AB6-F800-4c08-8B7A-83BB121AAD01}</UniqueIdentifier>
      <Extensions>rc;ico;cur;bmp;dlg;rc2;rct;bin;rgs;gif;jpg;jpeg;jpe;resx;tiff;tif;png;wav;mfcribbon-ms</Extensions>
    </Filter>
  </ItemGroup>
  <ItemGroup>
    <ClInclude Include="include\oaMesh.h">
      <Filter>Header Files</Filter>
    </ClInclude>
    <ClInclude Include="include\oaModel.h">
      <Filter>Header Files</Filter>
    </ClInclude>
    <ClInclude Include="include\oaBuffer.h">
      <Filter>Header Files</Filter>
    </ClInclude>
    <ClInclude Include="include\oaPrerequisitesCore.h">
      <Filter>Header Files</Filter>
    </ClInclude>
    <ClInclude Include="include\oaBaseApp.h">
      <Filter>Header Files</Filter>
    </ClInclude>
    <ClInclude Include="include\oaGraphicAPI.h">
      <Filter>Header Files</Filter>
    </ClInclude>
    <ClInclude Include="include\oaRenderTarget.h">
      <Filter>Header Files</Filter>
    </ClInclude>
    <ClInclude Include="include\oaForDecCore.h">
      <Filter>Header Files</Filter>
    </ClInclude>
    <ClInclude Include="include\oaResoureManager.h">
      <Filter>Header Files</Filter>
    </ClInclude>
    <ClInclude Include="include\oaTexture.h">
      <Filter>Header Files</Filter>
    </ClInclude>
    <ClInclude Include="include\oaCamera.h">
      <Filter>Header Files</Filter>
    </ClInclude>
    <ClInclude Include="include\oaSamplerState.h">
      <Filter>Header Files</Filter>
    </ClInclude>
    <ClInclude Include="include\oaDepthStencil.h">
      <Filter>Header Files</Filter>
    </ClInclude>
    <ClInclude Include="include\oaFlags.h">
      <Filter>Header Files</Filter>
    </ClInclude>
    <ClInclude Include="include\oaShader.h">
      <Filter>Header Files</Filter>
    </ClInclude>
    <ClInclude Include="include\oaInputManager.h">
      <Filter>Header Files</Filter>
    </ClInclude>
    <ClInclude Include="include\oaMaterial.h">
      <Filter>Header Files</Filter>
    </ClInclude>
    <ClInclude Include="include\oaComponent.h">
      <Filter>Header Files</Filter>
    </ClInclude>
    <ClInclude Include="include\oaGraphicsComponent.h">
      <Filter>Header Files</Filter>
    </ClInclude>
    <ClInclude Include="include\oaSkeleton.h">
      <Filter>Header Files</Filter>
    </ClInclude>
    <ClInclude Include="include\oaVertexBuffer.h">
      <Filter>Header Files</Filter>
    </ClInclude>
    <ClInclude Include="include\oaIndexBuffer.h">
      <Filter>Header Files</Filter>
    </ClInclude>
    <ClInclude Include="include\oaAnimation.h">
      <Filter>Header Files</Filter>
    </ClInclude>
    <ClInclude Include="include\oaSkeletalComponent.h">
      <Filter>Header Files</Filter>
    </ClInclude>
    <ClInclude Include="include\oaTime.h">
      <Filter>Header Files</Filter>
    </ClInclude>
    <ClInclude Include="include\oaAnimationComponent.h">
      <Filter>Header Files</Filter>
    </ClInclude>
    <ClInclude Include="resource.h">
      <Filter>Header Files</Filter>
    </ClInclude>
    <ClInclude Include="include\oaPath.h">
      <Filter>Header Files</Filter>
    </ClInclude>
    <ClInclude Include="include\oaLoader.h">
      <Filter>Header Files</Filter>
    </ClInclude>
    <ClInclude Include="include\oaLogger.h">
      <Filter>Header Files</Filter>
    </ClInclude>
    <ClInclude Include="include\oaActor.h">
      <Filter>Header Files</Filter>
    </ClInclude>
    <ClInclude Include="include\oaShaderProgram.h">
      <Filter>Header Files</Filter>
    </ClInclude>
    <ClInclude Include="include\oaStaticMesh.h">
      <Filter>Header Files</Filter>
    </ClInclude>
    <ClInclude Include="include\oaSkeletalMesh.h">
      <Filter>Header Files</Filter>
    </ClInclude>
    <ClInclude Include="include\oaBoundComponent.h">
      <Filter>Header Files</Filter>
    </ClInclude>
    <ClInclude Include="include\oaScene.h">
      <Filter>Header Files</Filter>
    </ClInclude>
    <ClInclude Include="include\oaCameraComponent.h">
      <Filter>Header Files</Filter>
    </ClInclude>
    <ClInclude Include="include\oaImage.h">
      <Filter>Header Files</Filter>
    </ClInclude>
    <ClInclude Include="include\oaSerializer.h">
      <Filter>Header Files</Filter>
    </ClInclude>
    <ClInclude Include="include\oaResourse.h">
      <Filter>Header Files</Filter>
    </ClInclude>
    <ClInclude Include="include\oaRasterizer.h">
      <Filter>Header Files</Filter>
    </ClInclude>
    <ClInclude Include="include\oaRenderer.h">
      <Filter>Header Files</Filter>
    </ClInclude>
    <ClInclude Include="include\oaBlender.h">
      <Filter>Header Files</Filter>
    </ClInclude>
    <ClInclude Include="include\oaDebugMesh.h">
      <Filter>Header Files</Filter>
    </ClInclude>
  </ItemGroup>
  <ItemGroup>
    <ClCompile Include="source\oaTexture.cpp">
      <Filter>Source Files</Filter>
    </ClCompile>
    <ClCompile Include="source\oaMesh.cpp">
      <Filter>Source Files</Filter>
    </ClCompile>
    <ClCompile Include="source\oaModel.cpp">
      <Filter>Source Files</Filter>
    </ClCompile>
    <ClCompile Include="source\oaBuffer.cpp">
      <Filter>Source Files</Filter>
    </ClCompile>
    <ClCompile Include="source\oaBaseApp.cpp">
      <Filter>Source Files</Filter>
    </ClCompile>
    <ClCompile Include="source\oaGraphicAPI.cpp">
      <Filter>Source Files</Filter>
    </ClCompile>
    <ClCompile Include="source\oaRenderTarget.cpp">
      <Filter>Source Files</Filter>
    </ClCompile>
    <ClCompile Include="include\oaResoureManager.cpp">
      <Filter>Source Files</Filter>
    </ClCompile>
    <ClCompile Include="source\oaCamera.cpp">
      <Filter>Source Files</Filter>
    </ClCompile>
    <ClCompile Include="source\oaSamplerState.cpp">
      <Filter>Source Files</Filter>
    </ClCompile>
    <ClCompile Include="source\oaDepthStencil.cpp">
      <Filter>Source Files</Filter>
    </ClCompile>
    <ClCompile Include="source\oaMaterial.cpp">
      <Filter>Source Files</Filter>
    </ClCompile>
    <ClCompile Include="source\oaComponent.cpp">
      <Filter>Source Files</Filter>
    </ClCompile>
    <ClCompile Include="source\oaGraphicsComponent.cpp">
      <Filter>Source Files</Filter>
    </ClCompile>
    <ClCompile Include="source\oaSkeleton.cpp">
      <Filter>Source Files</Filter>
    </ClCompile>
    <ClCompile Include="source\oaVertexBuffer.cpp">
      <Filter>Source Files</Filter>
    </ClCompile>
    <ClCompile Include="source\oaIndexBuffer.cpp">
      <Filter>Source Files</Filter>
    </ClCompile>
    <ClCompile Include="source\oaAnimation.cpp">
      <Filter>Source Files</Filter>
    </ClCompile>
    <ClCompile Include="source\oaSkeletalComponent.cpp">
      <Filter>Source Files</Filter>
    </ClCompile>
    <ClCompile Include="source\oaTime.cpp">
      <Filter>Source Files</Filter>
    </ClCompile>
    <ClCompile Include="source\oaAnimationComponent.cpp">
      <Filter>Source Files</Filter>
    </ClCompile>
    <ClCompile Include="source\oaPath.cpp">
      <Filter>Source Files</Filter>
    </ClCompile>
    <ClCompile Include="source\oaLoader.cpp">
      <Filter>Source Files</Filter>
    </ClCompile>
    <ClCompile Include="source\oaLogger.cpp">
      <Filter>Source Files</Filter>
    </ClCompile>
    <ClCompile Include="source\oaActor.cpp">
      <Filter>Source Files</Filter>
    </ClCompile>
    <ClCompile Include="source\oaShaderProgram.cpp">
      <Filter>Source Files</Filter>
    </ClCompile>
    <ClCompile Include="source\oaStaticMesh.cpp">
      <Filter>Source Files</Filter>
    </ClCompile>
    <ClCompile Include="source\oaSkeletalMesh.cpp">
      <Filter>Source Files</Filter>
    </ClCompile>
    <ClCompile Include="source\oaBoundComponent.cpp">
      <Filter>Source Files</Filter>
    </ClCompile>
    <ClCompile Include="source\oaScene.cpp">
      <Filter>Source Files</Filter>
    </ClCompile>
    <ClCompile Include="source\oaCameraComponent.cpp">
      <Filter>Source Files</Filter>
    </ClCompile>
    <ClCompile Include="source\oaSerializer.cpp">
      <Filter>Source Files</Filter>
    </ClCompile>
    <ClCompile Include="source\oaResourse.cpp">
      <Filter>Source Files</Filter>
    </ClCompile>
    <ClCompile Include="oaRazteriser.cpp">
      <Filter>Source Files</Filter>
    </ClCompile>
    <ClCompile Include="source\oaRasterizer.cpp">
      <Filter>Source Files</Filter>
    </ClCompile>
    <ClCompile Include="source\oaRenderer.cpp">
      <Filter>Source Files</Filter>
    </ClCompile>
    <ClCompile Include="source\oaBlender.cpp">
      <Filter>Source Files</Filter>
    </ClCompile>
    <ClCompile Include="source\oaDebugMesh.cpp">
      <Filter>Source Files</Filter>
    </ClCompile>
  </ItemGroup>
  <ItemGroup>
    <ResourceCompile Include="oaCore.rc">
      <Filter>Resource Files</Filter>
    </ResourceCompile>
  </ItemGroup>
</Project>