<?xml version="1.0" encoding="utf-8"?>
<Project ToolsVersion="4.0" xmlns="http://schemas.microsoft.com/developer/msbuild/2003">
  <ItemGroup>
    <Filter Include="Source Files">
      <UniqueIdentifier>{4FC737F1-C7A5-4376-A066-2A32D752A2FF}</UniqueIdentifier>
      <Extensions>cpp;c;cc;cxx;c++;cppm;ixx;def;odl;idl;hpj;bat;asm;asmx</Extensions>
    </Filter>
    <Filter Include="Header Files">
      <UniqueIdentifier>{93995380-89BD-4b04-88EB-625FBE52EBFB}</UniqueIdentifier>
      <Extensions>h;hh;hpp;hxx;h++;hm;inl;inc;ipp;xsd</Extensions>
    </Filter>
    <Filter Include="Resource Files">
      <UniqueIdentifier>{67DA6AB6-F800-4c08-8B7A-83BB121AAD01}</UniqueIdentifier>
      <Extensions>rc;ico;cur;bmp;dlg;rc2;rct;bin;rgs;gif;jpg;jpeg;jpe;resx;tiff;tif;png;wav;mfcribbon-ms</Extensions>
    </Filter>
  </ItemGroup>
  <ItemGroup>
    <ClInclude Include="include\oaMesh.h">
      <Filter>Header Files</Filter>
    </ClInclude>
    <ClInclude Include="include\oaModel.h">
      <Filter>Header Files</Filter>
    </ClInclude>
    <ClInclude Include="include\oaShader.h">
      <Filter>Header Files</Filter>
    </ClInclude>
    <ClInclude Include="include\oaBuffer.h">
      <Filter>Header Files</Filter>
    </ClInclude>
    <ClInclude Include="include\oaPrerequisitesCore.h">
      <Filter>Header Files</Filter>
    </ClInclude>
    <ClInclude Include="include\oaGraphicsModule.h">
      <Filter>Header Files</Filter>
    </ClInclude>
    <ClInclude Include="include\oaBaseApp.h">
      <Filter>Header Files</Filter>
    </ClInclude>
    <ClInclude Include="include\oaGraphicAPI.h">
      <Filter>Header Files</Filter>
    </ClInclude>
    <ClInclude Include="include\oaRenderTarget.h">
      <Filter>Header Files</Filter>
    </ClInclude>
    <ClInclude Include="include\oaForDecCore.h">
      <Filter>Header Files</Filter>
    </ClInclude>
    <ClInclude Include="include\oaResoureManager.h">
      <Filter>Header Files</Filter>
    </ClInclude>
    <ClInclude Include="include\oaTexture.h">
      <Filter>Header Files</Filter>
    </ClInclude>
    <ClInclude Include="include\oaObject.h">
      <Filter>Header Files</Filter>
    </ClInclude>
  </ItemGroup>
  <ItemGroup>
    <ClCompile Include="source\oaTexture.cpp">
      <Filter>Source Files</Filter>
    </ClCompile>
    <ClCompile Include="source\oaMesh.cpp">
      <Filter>Source Files</Filter>
    </ClCompile>
    <ClCompile Include="source\oaModel.cpp">
      <Filter>Source Files</Filter>
    </ClCompile>
    <ClCompile Include="source\oaBuffer.cpp">
      <Filter>Source Files</Filter>
    </ClCompile>
    <ClCompile Include="source\oaGraphicsModule.cpp">
      <Filter>Source Files</Filter>
    </ClCompile>
    <ClCompile Include="source\oaBaseApp.cpp">
      <Filter>Source Files</Filter>
    </ClCompile>
    <ClCompile Include="source\oaGraphicAPI.cpp">
      <Filter>Source Files</Filter>
    </ClCompile>
    <ClCompile Include="source\oaRenderTarget.cpp">
      <Filter>Source Files</Filter>
    </ClCompile>
    <ClCompile Include="include\oaShader.cpp">
      <Filter>Source Files</Filter>
    </ClCompile>
    <ClCompile Include="include\oaResoureManager.cpp">
      <Filter>Source Files</Filter>
    </ClCompile>
    <ClCompile Include="source\oaObject.cpp">
      <Filter>Source Files</Filter>
    </ClCompile>
  </ItemGroup>
</Project>