
Microsoft Visual Studio Solution File, Format Version 12.00
# Visual Studio Version 16
VisualStudioVersion = 16.0.30717.126
MinimumVisualStudioVersion = 10.0.40219.1
Project("{8BC9CEB8-8B4A-11D0-8D11-00A0C91BC942}") = "oaUtilities", "oaUtilities\oaUtilities.vcxproj", "{B245B1E0-0384-4FB1-BDD0-1C596B0323B0}"
EndProject
Project("{8BC9CEB8-8B4A-11D0-8D11-00A0C91BC942}") = "oaUtilitiesTest", "oaUtilitiesTest\oaUtilitiesTest.vcxproj", "{4435F278-9243-46E8-B09B-26AE0A5184D4}"
	ProjectSection(ProjectDependencies) = postProject
		{B245B1E0-0384-4FB1-BDD0-1C596B0323B0} = {B245B1E0-0384-4FB1-BDD0-1C596B0323B0}
	EndProjectSection
EndProject
Project("{8BC9CEB8-8B4A-11D0-8D11-00A0C91BC942}") = "oaCore", "oaCore\oaCore.vcxproj", "{E4B7560F-49A3-4CC5-939B-200F07A39496}"
EndProject
Project("{8BC9CEB8-8B4A-11D0-8D11-00A0C91BC942}") = "oaCoreTest", "oaCoreTest\oaCoreTest.vcxproj", "{6BFE5B58-2963-4872-A7B6-4F2AF288FE28}"
EndProject
Project("{8BC9CEB8-8B4A-11D0-8D11-00A0C91BC942}") = "oaDX11Graphics", "oaDX11Graphics\oaDX11Graphics.vcxproj", "{DA04310A-FFC7-46C9-95B4-39A86BBEE534}"
	ProjectSection(ProjectDependencies) = postProject
		{E4B7560F-49A3-4CC5-939B-200F07A39496} = {E4B7560F-49A3-4CC5-939B-200F07A39496}
		{B245B1E0-0384-4FB1-BDD0-1C596B0323B0} = {B245B1E0-0384-4FB1-BDD0-1C596B0323B0}
	EndProjectSection
EndProject
Project("{8BC9CEB8-8B4A-11D0-8D11-00A0C91BC942}") = "oaRenderer", "oaRenderer\oaRenderer.vcxproj", "{86117BFC-3888-45C7-BCB4-D0DBC848B096}"
	ProjectSection(ProjectDependencies) = postProject
		{E4B7560F-49A3-4CC5-939B-200F07A39496} = {E4B7560F-49A3-4CC5-939B-200F07A39496}
		{B245B1E0-0384-4FB1-BDD0-1C596B0323B0} = {B245B1E0-0384-4FB1-BDD0-1C596B0323B0}
	EndProjectSection
EndProject
Project("{8BC9CEB8-8B4A-11D0-8D11-00A0C91BC942}") = "oaFmodAudio", "oaFmodAudio\oaFmodAudio.vcxproj", "{948D2A81-5F90-4D5D-AAE8-E94248395D4B}"
	ProjectSection(ProjectDependencies) = postProject
		{E4B7560F-49A3-4CC5-939B-200F07A39496} = {E4B7560F-49A3-4CC5-939B-200F07A39496}
		{B245B1E0-0384-4FB1-BDD0-1C596B0323B0} = {B245B1E0-0384-4FB1-BDD0-1C596B0323B0}
	EndProjectSection
EndProject
Project("{8BC9CEB8-8B4A-11D0-8D11-00A0C91BC942}") = "oaGaInput", "oaGaInput\oaGaInput.vcxproj", "{90B2F5D9-4A6A-4A3E-B16C-E3E660B6CBE0}"
EndProject
Project("{8BC9CEB8-8B4A-11D0-8D11-00A0C91BC942}") = "oaOglGrafics", "oaOglGrafics\oaOglGrafics.vcxproj", "{502E1CE0-23E2-4992-AA45-5A522909B591}"
EndProject
Project("{8BC9CEB8-8B4A-11D0-8D11-00A0C91BC942}") = "oaLuaAutoBridger", "oaLuaAutoBridger\oaLuaAutoBridger.vcxproj", "{5C499C8D-9E04-4071-AB76-BCDE31DC2979}"
	ProjectSection(ProjectDependencies) = postProject
		{B245B1E0-0384-4FB1-BDD0-1C596B0323B0} = {B245B1E0-0384-4FB1-BDD0-1C596B0323B0}
	EndProjectSection
EndProject
Project("{8BC9CEB8-8B4A-11D0-8D11-00A0C91BC942}") = "oaOmniverse", "oaOmniverse\oaOmniverse.vcxproj", "{6E95C461-B2F8-474B-BA54-2822107A47F2}"
EndProject
Project("{8BC9CEB8-8B4A-11D0-8D11-00A0C91BC942}") = "oaCrowds", "oaCrowds\oaCrowds.vcxproj", "{DE09E8E9-127E-4680-82BC-69D5B454B643}"
EndProject
Project("{8BC9CEB8-8B4A-11D0-8D11-00A0C91BC942}") = "oaOmniCWraper", "oaOmniCWraper\oaOmniCWraper.vcxproj", "{EAF8C96E-4E33-46F5-9D9A-D6F0D99582EE}"
EndProject
Global
	GlobalSection(SolutionConfigurationPlatforms) = preSolution
		Debug|x64 = Debug|x64
		Debug|x86 = Debug|x86
		Release|x64 = Release|x64
		Release|x86 = Release|x86
	EndGlobalSection
	GlobalSection(ProjectConfigurationPlatforms) = postSolution
		{B245B1E0-0384-4FB1-BDD0-1C596B0323B0}.Debug|x64.ActiveCfg = Debug|x64
		{B245B1E0-0384-4FB1-BDD0-1C596B0323B0}.Debug|x64.Build.0 = Debug|x64
		{B245B1E0-0384-4FB1-BDD0-1C596B0323B0}.Debug|x86.ActiveCfg = Debug|Win32
		{B245B1E0-0384-4FB1-BDD0-1C596B0323B0}.Debug|x86.Build.0 = Debug|Win32
		{B245B1E0-0384-4FB1-BDD0-1C596B0323B0}.Release|x64.ActiveCfg = Release|x64
		{B245B1E0-0384-4FB1-BDD0-1C596B0323B0}.Release|x64.Build.0 = Release|x64
		{B245B1E0-0384-4FB1-BDD0-1C596B0323B0}.Release|x86.ActiveCfg = Release|Win32
		{B245B1E0-0384-4FB1-BDD0-1C596B0323B0}.Release|x86.Build.0 = Release|Win32
		{4435F278-9243-46E8-B09B-26AE0A5184D4}.Debug|x64.ActiveCfg = Debug|x64
		{4435F278-9243-46E8-B09B-26AE0A5184D4}.Debug|x64.Build.0 = Debug|x64
		{4435F278-9243-46E8-B09B-26AE0A5184D4}.Debug|x86.ActiveCfg = Debug|Win32
		{4435F278-9243-46E8-B09B-26AE0A5184D4}.Debug|x86.Build.0 = Debug|Win32
		{4435F278-9243-46E8-B09B-26AE0A5184D4}.Release|x64.ActiveCfg = Release|x64
		{4435F278-9243-46E8-B09B-26AE0A5184D4}.Release|x64.Build.0 = Release|x64
		{4435F278-9243-46E8-B09B-26AE0A5184D4}.Release|x86.ActiveCfg = Release|Win32
		{4435F278-9243-46E8-B09B-26AE0A5184D4}.Release|x86.Build.0 = Release|Win32
		{E4B7560F-49A3-4CC5-939B-200F07A39496}.Debug|x64.ActiveCfg = Debug|x64
		{E4B7560F-49A3-4CC5-939B-200F07A39496}.Debug|x64.Build.0 = Debug|x64
		{E4B7560F-49A3-4CC5-939B-200F07A39496}.Debug|x86.ActiveCfg = Debug|Win32
		{E4B7560F-49A3-4CC5-939B-200F07A39496}.Debug|x86.Build.0 = Debug|Win32
		{E4B7560F-49A3-4CC5-939B-200F07A39496}.Release|x64.ActiveCfg = Release|x64
		{E4B7560F-49A3-4CC5-939B-200F07A39496}.Release|x64.Build.0 = Release|x64
		{E4B7560F-49A3-4CC5-939B-200F07A39496}.Release|x86.ActiveCfg = Release|Win32
		{E4B7560F-49A3-4CC5-939B-200F07A39496}.Release|x86.Build.0 = Release|Win32
		{6BFE5B58-2963-4872-A7B6-4F2AF288FE28}.Debug|x64.ActiveCfg = Debug|x64
		{6BFE5B58-2963-4872-A7B6-4F2AF288FE28}.Debug|x64.Build.0 = Debug|x64
		{6BFE5B58-2963-4872-A7B6-4F2AF288FE28}.Debug|x86.ActiveCfg = Debug|Win32
		{6BFE5B58-2963-4872-A7B6-4F2AF288FE28}.Debug|x86.Build.0 = Debug|Win32
		{6BFE5B58-2963-4872-A7B6-4F2AF288FE28}.Release|x64.ActiveCfg = Release|x64
		{6BFE5B58-2963-4872-A7B6-4F2AF288FE28}.Release|x64.Build.0 = Release|x64
		{6BFE5B58-2963-4872-A7B6-4F2AF288FE28}.Release|x86.ActiveCfg = Release|Win32
		{6BFE5B58-2963-4872-A7B6-4F2AF288FE28}.Release|x86.Build.0 = Release|Win32
		{DA04310A-FFC7-46C9-95B4-39A86BBEE534}.Debug|x64.ActiveCfg = Debug|x64
		{DA04310A-FFC7-46C9-95B4-39A86BBEE534}.Debug|x64.Build.0 = Debug|x64
		{DA04310A-FFC7-46C9-95B4-39A86BBEE534}.Debug|x86.ActiveCfg = Debug|Win32
		{DA04310A-FFC7-46C9-95B4-39A86BBEE534}.Debug|x86.Build.0 = Debug|Win32
		{DA04310A-FFC7-46C9-95B4-39A86BBEE534}.Release|x64.ActiveCfg = Release|x64
		{DA04310A-FFC7-46C9-95B4-39A86BBEE534}.Release|x64.Build.0 = Release|x64
		{DA04310A-FFC7-46C9-95B4-39A86BBEE534}.Release|x86.ActiveCfg = Release|Win32
		{DA04310A-FFC7-46C9-95B4-39A86BBEE534}.Release|x86.Build.0 = Release|Win32
		{86117BFC-3888-45C7-BCB4-D0DBC848B096}.Debug|x64.ActiveCfg = Debug|x64
		{86117BFC-3888-45C7-BCB4-D0DBC848B096}.Debug|x64.Build.0 = Debug|x64
		{86117BFC-3888-45C7-BCB4-D0DBC848B096}.Debug|x86.ActiveCfg = Debug|Win32
		{86117BFC-3888-45C7-BCB4-D0DBC848B096}.Debug|x86.Build.0 = Debug|Win32
		{86117BFC-3888-45C7-BCB4-D0DBC848B096}.Release|x64.ActiveCfg = Release|x64
		{86117BFC-3888-45C7-BCB4-D0DBC848B096}.Release|x64.Build.0 = Release|x64
		{86117BFC-3888-45C7-BCB4-D0DBC848B096}.Release|x86.ActiveCfg = Release|Win32
		{86117BFC-3888-45C7-BCB4-D0DBC848B096}.Release|x86.Build.0 = Release|Win32
		{948D2A81-5F90-4D5D-AAE8-E94248395D4B}.Debug|x64.ActiveCfg = Debug|x64
		{948D2A81-5F90-4D5D-AAE8-E94248395D4B}.Debug|x64.Build.0 = Debug|x64
		{948D2A81-5F90-4D5D-AAE8-E94248395D4B}.Debug|x86.ActiveCfg = Debug|Win32
		{948D2A81-5F90-4D5D-AAE8-E94248395D4B}.Debug|x86.Build.0 = Debug|Win32
		{948D2A81-5F90-4D5D-AAE8-E94248395D4B}.Release|x64.ActiveCfg = Release|x64
		{948D2A81-5F90-4D5D-AAE8-E94248395D4B}.Release|x64.Build.0 = Release|x64
		{948D2A81-5F90-4D5D-AAE8-E94248395D4B}.Release|x86.ActiveCfg = Release|Win32
		{948D2A81-5F90-4D5D-AAE8-E94248395D4B}.Release|x86.Build.0 = Release|Win32
		{90B2F5D9-4A6A-4A3E-B16C-E3E660B6CBE0}.Debug|x64.ActiveCfg = Debug|x64
		{90B2F5D9-4A6A-4A3E-B16C-E3E660B6CBE0}.Debug|x64.Build.0 = Debug|x64
		{90B2F5D9-4A6A-4A3E-B16C-E3E660B6CBE0}.Debug|x86.ActiveCfg = Debug|Win32
		{90B2F5D9-4A6A-4A3E-B16C-E3E660B6CBE0}.Debug|x86.Build.0 = Debug|Win32
		{90B2F5D9-4A6A-4A3E-B16C-E3E660B6CBE0}.Release|x64.ActiveCfg = Release|x64
		{90B2F5D9-4A6A-4A3E-B16C-E3E660B6CBE0}.Release|x64.Build.0 = Release|x64
		{90B2F5D9-4A6A-4A3E-B16C-E3E660B6CBE0}.Release|x86.ActiveCfg = Release|Win32
		{90B2F5D9-4A6A-4A3E-B16C-E3E660B6CBE0}.Release|x86.Build.0 = Release|Win32
		{502E1CE0-23E2-4992-AA45-5A522909B591}.Debug|x64.ActiveCfg = Debug|x64
		{502E1CE0-23E2-4992-AA45-5A522909B591}.Debug|x64.Build.0 = Debug|x64
		{502E1CE0-23E2-4992-AA45-5A522909B591}.Debug|x86.ActiveCfg = Debug|Win32
		{502E1CE0-23E2-4992-AA45-5A522909B591}.Debug|x86.Build.0 = Debug|Win32
		{502E1CE0-23E2-4992-AA45-5A522909B591}.Release|x64.ActiveCfg = Release|x64
		{502E1CE0-23E2-4992-AA45-5A522909B591}.Release|x64.Build.0 = Release|x64
		{502E1CE0-23E2-4992-AA45-5A522909B591}.Release|x86.ActiveCfg = Release|Win32
		{502E1CE0-23E2-4992-AA45-5A522909B591}.Release|x86.Build.0 = Release|Win32
		{5C499C8D-9E04-4071-AB76-BCDE31DC2979}.Debug|x64.ActiveCfg = Debug|x64
		{5C499C8D-9E04-4071-AB76-BCDE31DC2979}.Debug|x64.Build.0 = Debug|x64
		{5C499C8D-9E04-4071-AB76-BCDE31DC2979}.Debug|x86.ActiveCfg = Debug|Win32
		{5C499C8D-9E04-4071-AB76-BCDE31DC2979}.Debug|x86.Build.0 = Debug|Win32
		{5C499C8D-9E04-4071-AB76-BCDE31DC2979}.Release|x64.ActiveCfg = Release|x64
		{5C499C8D-9E04-4071-AB76-BCDE31DC2979}.Release|x64.Build.0 = Release|x64
		{5C499C8D-9E04-4071-AB76-BCDE31DC2979}.Release|x86.ActiveCfg = Release|Win32
		{5C499C8D-9E04-4071-AB76-BCDE31DC2979}.Release|x86.Build.0 = Release|Win32
		{6E95C461-B2F8-474B-BA54-2822107A47F2}.Debug|x64.ActiveCfg = Debug|x64
		{6E95C461-B2F8-474B-BA54-2822107A47F2}.Debug|x64.Build.0 = Debug|x64
		{6E95C461-B2F8-474B-BA54-2822107A47F2}.Debug|x86.ActiveCfg = Debug|Win32
		{6E95C461-B2F8-474B-BA54-2822107A47F2}.Debug|x86.Build.0 = Debug|Win32
		{6E95C461-B2F8-474B-BA54-2822107A47F2}.Release|x64.ActiveCfg = Release|x64
		{6E95C461-B2F8-474B-BA54-2822107A47F2}.Release|x64.Build.0 = Release|x64
		{6E95C461-B2F8-474B-BA54-2822107A47F2}.Release|x86.ActiveCfg = Release|Win32
		{6E95C461-B2F8-474B-BA54-2822107A47F2}.Release|x86.Build.0 = Release|Win32
		{DE09E8E9-127E-4680-82BC-69D5B454B643}.Debug|x64.ActiveCfg = Debug|x64
		{DE09E8E9-127E-4680-82BC-69D5B454B643}.Debug|x64.Build.0 = Debug|x64
		{DE09E8E9-127E-4680-82BC-69D5B454B643}.Debug|x86.ActiveCfg = Debug|Win32
		{DE09E8E9-127E-4680-82BC-69D5B454B643}.Debug|x86.Build.0 = Debug|Win32
		{DE09E8E9-127E-4680-82BC-69D5B454B643}.Release|x64.ActiveCfg = Release|x64
		{DE09E8E9-127E-4680-82BC-69D5B454B643}.Release|x64.Build.0 = Release|x64
		{DE09E8E9-127E-4680-82BC-69D5B454B643}.Release|x86.ActiveCfg = Release|Win32
		{DE09E8E9-127E-4680-82BC-69D5B454B643}.Release|x86.Build.0 = Release|Win32
		{EAF8C96E-4E33-46F5-9D9A-D6F0D99582EE}.Debug|x64.ActiveCfg = Debug|x64
		{EAF8C96E-4E33-46F5-9D9A-D6F0D99582EE}.Debug|x64.Build.0 = Debug|x64
		{EAF8C96E-4E33-46F5-9D9A-D6F0D99582EE}.Debug|x86.ActiveCfg = Debug|Win32
		{EAF8C96E-4E33-46F5-9D9A-D6F0D99582EE}.Debug|x86.Build.0 = Debug|Win32
		{EAF8C96E-4E33-46F5-9D9A-D6F0D99582EE}.Release|x64.ActiveCfg = Release|x64
		{EAF8C96E-4E33-46F5-9D9A-D6F0D99582EE}.Release|x64.Build.0 = Release|x64
		{EAF8C96E-4E33-46F5-9D9A-D6F0D99582EE}.Release|x86.ActiveCfg = Release|Win32
		{EAF8C96E-4E33-46F5-9D9A-D6F0D99582EE}.Release|x86.Build.0 = Release|Win32
	EndGlobalSection
	GlobalSection(SolutionProperties) = preSolution
		HideSolutionNode = FALSE
	EndGlobalSection
	GlobalSection(ExtensibilityGlobals) = postSolution
		SolutionGuid = {FD8FD462-3F26-49CB-B630-798E3883D2A7}
	EndGlobalSection
EndGlobal
