
Microsoft Visual Studio Solution File, Format Version 12.00
# Visual Studio Version 16
VisualStudioVersion = 16.0.30717.126
MinimumVisualStudioVersion = 10.0.40219.1
Project("{8BC9CEB8-8B4A-11D0-8D11-00A0C91BC942}") = "oaUtilities", "oaUtilities\oaUtilities.vcxproj", "{B245B1E0-0384-4FB1-BDD0-1C596B0323B0}"
EndProject
Project("{8BC9CEB8-8B4A-11D0-8D11-00A0C91BC942}") = "oaUtilitiesTest", "oaUtilitiesTest\oaUtilitiesTest.vcxproj", "{4435F278-9243-46E8-B09B-26AE0A5184D4}"
	ProjectSection(ProjectDependencies) = postProject
		{B245B1E0-0384-4FB1-BDD0-1C596B0323B0} = {B245B1E0-0384-4FB1-BDD0-1C596B0323B0}
	EndProjectSection
EndProject
Project("{8BC9CEB8-8B4A-11D0-8D11-00A0C91BC942}") = "oaCore", "oaCore\oaCore.vcxproj", "{E4B7560F-49A3-4CC5-939B-200F07A39496}"
EndProject
Project("{8BC9CEB8-8B4A-11D0-8D11-00A0C91BC942}") = "oaCoreTest", "oaCoreTest\oaCoreTest.vcxproj", "{6BFE5B58-2963-4872-A7B6-4F2AF288FE28}"
EndProject
Global
	GlobalSection(SolutionConfigurationPlatforms) = preSolution
		Debug|x64 = Debug|x64
		Debug|x86 = Debug|x86
		Release|x64 = Release|x64
		Release|x86 = Release|x86
	EndGlobalSection
	GlobalSection(ProjectConfigurationPlatforms) = postSolution
		{B245B1E0-0384-4FB1-BDD0-1C596B0323B0}.Debug|x64.ActiveCfg = Debug|x64
		{B245B1E0-0384-4FB1-BDD0-1C596B0323B0}.Debug|x64.Build.0 = Debug|x64
		{B245B1E0-0384-4FB1-BDD0-1C596B0323B0}.Debug|x86.ActiveCfg = Debug|Win32
		{B245B1E0-0384-4FB1-BDD0-1C596B0323B0}.Debug|x86.Build.0 = Debug|Win32
		{B245B1E0-0384-4FB1-BDD0-1C596B0323B0}.Release|x64.ActiveCfg = Release|x64
		{B245B1E0-0384-4FB1-BDD0-1C596B0323B0}.Release|x64.Build.0 = Release|x64
		{B245B1E0-0384-4FB1-BDD0-1C596B0323B0}.Release|x86.ActiveCfg = Release|Win32
		{B245B1E0-0384-4FB1-BDD0-1C596B0323B0}.Release|x86.Build.0 = Release|Win32
		{4435F278-9243-46E8-B09B-26AE0A5184D4}.Debug|x64.ActiveCfg = Debug|x64
		{4435F278-9243-46E8-B09B-26AE0A5184D4}.Debug|x64.Build.0 = Debug|x64
		{4435F278-9243-46E8-B09B-26AE0A5184D4}.Debug|x86.ActiveCfg = Debug|Win32
		{4435F278-9243-46E8-B09B-26AE0A5184D4}.Debug|x86.Build.0 = Debug|Win32
		{4435F278-9243-46E8-B09B-26AE0A5184D4}.Release|x64.ActiveCfg = Release|x64
		{4435F278-9243-46E8-B09B-26AE0A5184D4}.Release|x64.Build.0 = Release|x64
		{4435F278-9243-46E8-B09B-26AE0A5184D4}.Release|x86.ActiveCfg = Release|Win32
		{4435F278-9243-46E8-B09B-26AE0A5184D4}.Release|x86.Build.0 = Release|Win32
		{E4B7560F-49A3-4CC5-939B-200F07A39496}.Debug|x64.ActiveCfg = Debug|x64
		{E4B7560F-49A3-4CC5-939B-200F07A39496}.Debug|x64.Build.0 = Debug|x64
		{E4B7560F-49A3-4CC5-939B-200F07A39496}.Debug|x86.ActiveCfg = Debug|Win32
		{E4B7560F-49A3-4CC5-939B-200F07A39496}.Debug|x86.Build.0 = Debug|Win32
		{E4B7560F-49A3-4CC5-939B-200F07A39496}.Release|x64.ActiveCfg = Release|x64
		{E4B7560F-49A3-4CC5-939B-200F07A39496}.Release|x64.Build.0 = Release|x64
		{E4B7560F-49A3-4CC5-939B-200F07A39496}.Release|x86.ActiveCfg = Release|Win32
		{E4B7560F-49A3-4CC5-939B-200F07A39496}.Release|x86.Build.0 = Release|Win32
		{6BFE5B58-2963-4872-A7B6-4F2AF288FE28}.Debug|x64.ActiveCfg = Debug|x64
		{6BFE5B58-2963-4872-A7B6-4F2AF288FE28}.Debug|x64.Build.0 = Debug|x64
		{6BFE5B58-2963-4872-A7B6-4F2AF288FE28}.Debug|x86.ActiveCfg = Debug|Win32
		{6BFE5B58-2963-4872-A7B6-4F2AF288FE28}.Debug|x86.Build.0 = Debug|Win32
		{6BFE5B58-2963-4872-A7B6-4F2AF288FE28}.Release|x64.ActiveCfg = Release|x64
		{6BFE5B58-2963-4872-A7B6-4F2AF288FE28}.Release|x64.Build.0 = Release|x64
		{6BFE5B58-2963-4872-A7B6-4F2AF288FE28}.Release|x86.ActiveCfg = Release|Win32
		{6BFE5B58-2963-4872-A7B6-4F2AF288FE28}.Release|x86.Build.0 = Release|Win32
	EndGlobalSection
	GlobalSection(SolutionProperties) = preSolution
		HideSolutionNode = FALSE
	EndGlobalSection
	GlobalSection(ExtensibilityGlobals) = postSolution
		SolutionGuid = {FD8FD462-3F26-49CB-B630-798E3883D2A7}
	EndGlobalSection
EndGlobal
