<?xml version="1.0" encoding="utf-8"?>
<Project ToolsVersion="4.0" xmlns="http://schemas.microsoft.com/developer/msbuild/2003">
  <ItemGroup>
    <Filter Include="Source Files">
      <UniqueIdentifier>{4FC737F1-C7A5-4376-A066-2A32D752A2FF}</UniqueIdentifier>
      <Extensions>cpp;c;cc;cxx;c++;cppm;ixx;def;odl;idl;hpj;bat;asm;asmx</Extensions>
    </Filter>
    <Filter Include="Header Files">
      <UniqueIdentifier>{93995380-89BD-4b04-88EB-625FBE52EBFB}</UniqueIdentifier>
      <Extensions>h;hh;hpp;hxx;h++;hm;inl;inc;ipp;xsd</Extensions>
    </Filter>
    <Filter Include="Resource Files">
      <UniqueIdentifier>{67DA6AB6-F800-4c08-8B7A-83BB121AAD01}</UniqueIdentifier>
      <Extensions>rc;ico;cur;bmp;dlg;rc2;rct;bin;rgs;gif;jpg;jpeg;jpe;resx;tiff;tif;png;wav;mfcribbon-ms</Extensions>
    </Filter>
  </ItemGroup>
  <ItemGroup>
    <ClInclude Include="Include\oaPlatformDefines.h">
      <Filter>Header Files</Filter>
    </ClInclude>
    <ClInclude Include="Include\oaPlatformTypes.h">
      <Filter>Header Files</Filter>
    </ClInclude>
    <ClInclude Include="Include\oaStdHeaders.h">
      <Filter>Header Files</Filter>
    </ClInclude>
    <ClInclude Include="Include\oaPrerequisitesUtilities.h">
      <Filter>Header Files</Filter>
    </ClInclude>
    <ClInclude Include="Include\oaMath.h">
      <Filter>Header Files</Filter>
    </ClInclude>
    <ClInclude Include="Include\oaVector2f.h">
      <Filter>Header Files</Filter>
    </ClInclude>
    <ClInclude Include="Include\oaVector3f.h">
      <Filter>Header Files</Filter>
    </ClInclude>
    <ClInclude Include="Include\oaVector4f.h">
      <Filter>Header Files</Filter>
    </ClInclude>
    <ClInclude Include="Include\oaMatrix3f.h">
      <Filter>Header Files</Filter>
    </ClInclude>
    <ClInclude Include="Include\oaMatrix4f.h">
      <Filter>Header Files</Filter>
    </ClInclude>
    <ClInclude Include="Include\oaPlatformMath.h">
      <Filter>Header Files</Filter>
    </ClInclude>
    <ClInclude Include="Include\oaQuaternion.h">
      <Filter>Header Files</Filter>
    </ClInclude>
    <ClInclude Include="Include\oaForDecUtilities.h">
      <Filter>Header Files</Filter>
    </ClInclude>
    <ClInclude Include="include\oaLine.h">
      <Filter>Header Files</Filter>
    </ClInclude>
    <ClInclude Include="include\oaPlane.h">
      <Filter>Header Files</Filter>
    </ClInclude>
    <ClInclude Include="include\oaSphere.h">
      <Filter>Header Files</Filter>
    </ClInclude>
    <ClInclude Include="include\oaVector2I.h">
      <Filter>Header Files</Filter>
    </ClInclude>
    <ClInclude Include="include\oaRect.h">
      <Filter>Header Files</Filter>
    </ClInclude>
    <ClInclude Include="include\oaCapsule.h">
      <Filter>Header Files</Filter>
    </ClInclude>
    <ClInclude Include="include\oaModule.h">
      <Filter>Header Files</Filter>
    </ClInclude>
    <ClInclude Include="Include\oaVector3I.h">
      <Filter>Header Files</Filter>
    </ClInclude>
    <ClInclude Include="Include\oaGrid2D.h">
      <Filter>Header Files</Filter>
    </ClInclude>
    <ClInclude Include="Include\oaVector2U.h">
      <Filter>Header Files</Filter>
    </ClInclude>
    <ClInclude Include="Include\oaVector3U.h">
      <Filter>Header Files</Filter>
    </ClInclude>
    <ClInclude Include="Include\oaPerlinNoise2D.h">
      <Filter>Header Files</Filter>
    </ClInclude>
    <ClInclude Include="Include\oaRandom.h">
      <Filter>Header Files</Filter>
    </ClInclude>
    <ClInclude Include="Include\oaGrid3D.h">
      <Filter>Header Files</Filter>
    </ClInclude>
    <ClInclude Include="oaVector4I.h">
      <Filter>Header Files</Filter>
    </ClInclude>
    <ClInclude Include="Include\oaVector4U.h">
      <Filter>Header Files</Filter>
    </ClInclude>
    <ClInclude Include="Include\oaPerlinNoise3D.h">
      <Filter>Header Files</Filter>
    </ClInclude>
    <ClInclude Include="Include\oaSimplexNoise.h">
      <Filter>Header Files</Filter>
    </ClInclude>
    <ClInclude Include="Include\oaNoise2D.h">
      <Filter>Header Files</Filter>
    </ClInclude>
    <ClInclude Include="Include\oaOctavesNoise.h">
      <Filter>Header Files</Filter>
    </ClInclude>
    <ClInclude Include="Include\oaColor.h">
      <Filter>Header Files</Filter>
    </ClInclude>
    <ClInclude Include="Include\oaTransform.h">
      <Filter>Header Files</Filter>
    </ClInclude>
    <ClInclude Include="Include\oaStringUtilities.h">
      <Filter>Header Files</Filter>
    </ClInclude>
    <ClInclude Include="Include\oaFrustum.h">
      <Filter>Header Files</Filter>
    </ClInclude>
    <ClInclude Include="Include\oaAABB.h">
      <Filter>Header Files</Filter>
    </ClInclude>
    <ClInclude Include="Include\oaMemory.h">
      <Filter>Header Files</Filter>
    </ClInclude>
    <ClInclude Include="Include\oaTriangle.h">
      <Filter>Header Files</Filter>
    </ClInclude>
    <ClInclude Include="Include\oaOctree.h">
      <Filter>Header Files</Filter>
    </ClInclude>
    <ClInclude Include="Include\oaEventSystem.h">
      <Filter>Header Files</Filter>
    </ClInclude>
  </ItemGroup>
  <ItemGroup>
    <ClCompile Include="Source\oaMath.cpp">
      <Filter>Source Files</Filter>
    </ClCompile>
    <ClCompile Include="Source\oaVector2f.cpp">
      <Filter>Source Files</Filter>
    </ClCompile>
    <ClCompile Include="Source\oaVector3f.cpp">
      <Filter>Source Files</Filter>
    </ClCompile>
    <ClCompile Include="Source\oaVector4f.cpp">
      <Filter>Source Files</Filter>
    </ClCompile>
    <ClCompile Include="Source\oaMatrix3f.cpp">
      <Filter>Source Files</Filter>
    </ClCompile>
    <ClCompile Include="Source\oaMatrix4f.cpp">
      <Filter>Source Files</Filter>
    </ClCompile>
    <ClCompile Include="Source\oaPlatformMath.cpp">
      <Filter>Source Files</Filter>
    </ClCompile>
    <ClCompile Include="Source\oaQuaternion.cpp">
      <Filter>Source Files</Filter>
    </ClCompile>
    <ClCompile Include="source\oaLine.cpp">
      <Filter>Source Files</Filter>
    </ClCompile>
    <ClCompile Include="source\oaPlane.cpp">
      <Filter>Source Files</Filter>
    </ClCompile>
    <ClCompile Include="source\oaSphere.cpp">
      <Filter>Source Files</Filter>
    </ClCompile>
    <ClCompile Include="source\oaVector2I.cpp">
      <Filter>Source Files</Filter>
    </ClCompile>
    <ClCompile Include="source\oaRect.cpp">
      <Filter>Source Files</Filter>
    </ClCompile>
    <ClCompile Include="source\oaCapsule.cpp">
      <Filter>Source Files</Filter>
    </ClCompile>
    <ClCompile Include="Source\oaVector3I.cpp">
      <Filter>Source Files</Filter>
    </ClCompile>
    <ClCompile Include="Source\oaGrid2D.cpp">
      <Filter>Source Files</Filter>
    </ClCompile>
    <ClCompile Include="Source\oaVector2U.cpp">
      <Filter>Source Files</Filter>
    </ClCompile>
    <ClCompile Include="Source\oaVector3U.cpp">
      <Filter>Source Files</Filter>
    </ClCompile>
    <ClCompile Include="Source\oaPerlinNoise2D.cpp">
      <Filter>Source Files</Filter>
    </ClCompile>
    <ClCompile Include="Source\oaRandom.cpp">
      <Filter>Source Files</Filter>
    </ClCompile>
    <ClCompile Include="Source\oaGrid3D.cpp">
      <Filter>Source Files</Filter>
    </ClCompile>
    <ClCompile Include="oaVector4I.cpp">
      <Filter>Source Files</Filter>
    </ClCompile>
    <ClCompile Include="Source\oaVector4U.cpp">
      <Filter>Source Files</Filter>
    </ClCompile>
    <ClCompile Include="Source\oaPerlinNoise3D.cpp">
      <Filter>Source Files</Filter>
    </ClCompile>
    <ClCompile Include="Source\oaSimplexNoise.cpp">
      <Filter>Source Files</Filter>
    </ClCompile>
    <ClCompile Include="Source\oaNoise2D.cpp">
      <Filter>Source Files</Filter>
    </ClCompile>
    <ClCompile Include="Source\oaOctavesNoise.cpp">
      <Filter>Source Files</Filter>
    </ClCompile>
    <ClCompile Include="Source\oaColor.cpp">
      <Filter>Source Files</Filter>
    </ClCompile>
    <ClCompile Include="Source\oaTransform.cpp">
      <Filter>Source Files</Filter>
    </ClCompile>
    <ClCompile Include="Source\oaStringUtilities.cpp">
      <Filter>Source Files</Filter>
    </ClCompile>
    <ClCompile Include="Source\oaFrustum.cpp">
      <Filter>Source Files</Filter>
    </ClCompile>
    <ClCompile Include="Source\oaAABB.cpp">
      <Filter>Source Files</Filter>
    </ClCompile>
    <ClCompile Include="Source\oaTriangle.cpp">
      <Filter>Source Files</Filter>
    </ClCompile>
    <ClCompile Include="Source\oaOctree.cpp">
      <Filter>Source Files</Filter>
    </ClCompile>
    <ClCompile Include="EventSystem.cpp">
      <Filter>Source Files</Filter>
    </ClCompile>
  </ItemGroup>
</Project>